
Microsoft Visual Studio Solution File, Format Version 12.00
# Visual Studio Version 17
VisualStudioVersion = 17.3.32819.101
MinimumVisualStudioVersion = 10.0.40219.1
Project("{9A19103F-16F7-4668-BE54-9A1E7A4F7556}") = "PuSHReceiver", "PubSubHubBubReciever\PuSHReceiver.csproj", "{A455BF33-E6A8-4415-AF4F-5564290970E5}"
EndProject
Project("{9A19103F-16F7-4668-BE54-9A1E7A4F7556}") = "DataAccess", "DataAccess\DataAccess.csproj", "{1954345E-F6B5-4305-89CE-F8A59B274D61}"
EndProject
Project("{9A19103F-16F7-4668-BE54-9A1E7A4F7556}") = "Contracts", "Contracts\Contracts.csproj", "{D0539DE1-A90D-47D9-B225-E8C615632C5D}"
EndProject
Project("{2150E333-8FDC-42A3-9474-1A3956D46DE8}") = "00Solution Items", "00Solution Items", "{F5C19641-EC31-43C5-ACC3-B0A1E4ADCA10}"
	ProjectSection(SolutionItems) = preProject
		Dockerfile = Dockerfile
	EndProjectSection
EndProject
Project("{9A19103F-16F7-4668-BE54-9A1E7A4F7556}") = "PluginLoader", "PluginLoader\PluginLoader.csproj", "{C10F946D-C937-492D-8CF5-779EDF0325AD}"
EndProject
Project("{9A19103F-16F7-4668-BE54-9A1E7A4F7556}") = "PluginLibrary", "PluginLibrary\PluginLibrary.csproj", "{57B9BD34-E53E-47FA-A5B1-4DBE41FF8FC7}"
EndProject
Project("{9A19103F-16F7-4668-BE54-9A1E7A4F7556}") = "Models", "Models\Models.csproj", "{AA40E004-3B1A-4F8D-8560-ABB22BFF1D1A}"
EndProject
Project("{2150E333-8FDC-42A3-9474-1A3956D46DE8}") = "01DBAccess", "01DBAccess", "{BE2A9BD1-8CE8-48CA-B394-001A528F119D}"
EndProject
Project("{2150E333-8FDC-42A3-9474-1A3956D46DE8}") = "03Plugins", "03Plugins", "{04BE1E2A-DFC9-489A-BE60-BC5B077533AD}"
EndProject
Project("{2150E333-8FDC-42A3-9474-1A3956D46DE8}") = "02Shared", "02Shared", "{41FA2BB8-4632-4FB8-A1BE-9A033F0411C2}"
EndProject
Project("{9A19103F-16F7-4668-BE54-9A1E7A4F7556}") = "Repositories", "Repositories\Repositories.csproj", "{0F9A307A-9780-4DD8-B289-A833BA9E10FA}"
EndProject
Project("{9A19103F-16F7-4668-BE54-9A1E7A4F7556}") = "RepositoriesTests", "RepositoriesTests\RepositoriesTests.csproj", "{B2B1C6C9-0F9A-4130-BFB2-FDCE4AF32931}"
EndProject
Project("{9A19103F-16F7-4668-BE54-9A1E7A4F7556}") = "Configuration", "Configuration\Configuration.csproj", "{3B9D5B74-F23B-4602-8235-46F0224A49EE}"
EndProject
Project("{9A19103F-16F7-4668-BE54-9A1E7A4F7556}") = "Service", "Service\Service.csproj", "{9B747FAC-CF67-4F03-8AEF-79ECA4BF3F14}"
EndProject
Project("{9A19103F-16F7-4668-BE54-9A1E7A4F7556}") = "DefaultPlugins", "DefaultPlugins\DefaultPlugins.csproj", "{D383D924-D133-4F0C-A763-ABCA88A99A02}"
EndProject
Global
	GlobalSection(SolutionConfigurationPlatforms) = preSolution
		Debug|Any CPU = Debug|Any CPU
		Release|Any CPU = Release|Any CPU
	EndGlobalSection
	GlobalSection(ProjectConfigurationPlatforms) = postSolution
		{A455BF33-E6A8-4415-AF4F-5564290970E5}.Debug|Any CPU.ActiveCfg = Debug|Any CPU
		{A455BF33-E6A8-4415-AF4F-5564290970E5}.Debug|Any CPU.Build.0 = Debug|Any CPU
		{A455BF33-E6A8-4415-AF4F-5564290970E5}.Release|Any CPU.ActiveCfg = Release|Any CPU
		{A455BF33-E6A8-4415-AF4F-5564290970E5}.Release|Any CPU.Build.0 = Release|Any CPU
		{1954345E-F6B5-4305-89CE-F8A59B274D61}.Debug|Any CPU.ActiveCfg = Debug|Any CPU
		{1954345E-F6B5-4305-89CE-F8A59B274D61}.Debug|Any CPU.Build.0 = Debug|Any CPU
		{1954345E-F6B5-4305-89CE-F8A59B274D61}.Release|Any CPU.ActiveCfg = Release|Any CPU
		{1954345E-F6B5-4305-89CE-F8A59B274D61}.Release|Any CPU.Build.0 = Release|Any CPU
		{D0539DE1-A90D-47D9-B225-E8C615632C5D}.Debug|Any CPU.ActiveCfg = Debug|Any CPU
		{D0539DE1-A90D-47D9-B225-E8C615632C5D}.Debug|Any CPU.Build.0 = Debug|Any CPU
		{D0539DE1-A90D-47D9-B225-E8C615632C5D}.Release|Any CPU.ActiveCfg = Release|Any CPU
		{D0539DE1-A90D-47D9-B225-E8C615632C5D}.Release|Any CPU.Build.0 = Release|Any CPU
		{C10F946D-C937-492D-8CF5-779EDF0325AD}.Debug|Any CPU.ActiveCfg = Debug|Any CPU
		{C10F946D-C937-492D-8CF5-779EDF0325AD}.Debug|Any CPU.Build.0 = Debug|Any CPU
		{C10F946D-C937-492D-8CF5-779EDF0325AD}.Release|Any CPU.ActiveCfg = Release|Any CPU
		{C10F946D-C937-492D-8CF5-779EDF0325AD}.Release|Any CPU.Build.0 = Release|Any CPU
		{57B9BD34-E53E-47FA-A5B1-4DBE41FF8FC7}.Debug|Any CPU.ActiveCfg = Debug|Any CPU
		{57B9BD34-E53E-47FA-A5B1-4DBE41FF8FC7}.Debug|Any CPU.Build.0 = Debug|Any CPU
		{57B9BD34-E53E-47FA-A5B1-4DBE41FF8FC7}.Release|Any CPU.ActiveCfg = Release|Any CPU
		{57B9BD34-E53E-47FA-A5B1-4DBE41FF8FC7}.Release|Any CPU.Build.0 = Release|Any CPU
		{AA40E004-3B1A-4F8D-8560-ABB22BFF1D1A}.Debug|Any CPU.ActiveCfg = Debug|Any CPU
		{AA40E004-3B1A-4F8D-8560-ABB22BFF1D1A}.Debug|Any CPU.Build.0 = Debug|Any CPU
		{AA40E004-3B1A-4F8D-8560-ABB22BFF1D1A}.Release|Any CPU.ActiveCfg = Release|Any CPU
		{AA40E004-3B1A-4F8D-8560-ABB22BFF1D1A}.Release|Any CPU.Build.0 = Release|Any CPU
		{0F9A307A-9780-4DD8-B289-A833BA9E10FA}.Debug|Any CPU.ActiveCfg = Debug|Any CPU
		{0F9A307A-9780-4DD8-B289-A833BA9E10FA}.Debug|Any CPU.Build.0 = Debug|Any CPU
		{0F9A307A-9780-4DD8-B289-A833BA9E10FA}.Release|Any CPU.ActiveCfg = Release|Any CPU
		{0F9A307A-9780-4DD8-B289-A833BA9E10FA}.Release|Any CPU.Build.0 = Release|Any CPU
		{B2B1C6C9-0F9A-4130-BFB2-FDCE4AF32931}.Debug|Any CPU.ActiveCfg = Debug|Any CPU
		{B2B1C6C9-0F9A-4130-BFB2-FDCE4AF32931}.Debug|Any CPU.Build.0 = Debug|Any CPU
		{B2B1C6C9-0F9A-4130-BFB2-FDCE4AF32931}.Release|Any CPU.ActiveCfg = Release|Any CPU
		{B2B1C6C9-0F9A-4130-BFB2-FDCE4AF32931}.Release|Any CPU.Build.0 = Release|Any CPU
		{3B9D5B74-F23B-4602-8235-46F0224A49EE}.Debug|Any CPU.ActiveCfg = Debug|Any CPU
		{3B9D5B74-F23B-4602-8235-46F0224A49EE}.Debug|Any CPU.Build.0 = Debug|Any CPU
		{3B9D5B74-F23B-4602-8235-46F0224A49EE}.Release|Any CPU.ActiveCfg = Release|Any CPU
		{3B9D5B74-F23B-4602-8235-46F0224A49EE}.Release|Any CPU.Build.0 = Release|Any CPU
		{9B747FAC-CF67-4F03-8AEF-79ECA4BF3F14}.Debug|Any CPU.ActiveCfg = Debug|Any CPU
		{9B747FAC-CF67-4F03-8AEF-79ECA4BF3F14}.Debug|Any CPU.Build.0 = Debug|Any CPU
		{9B747FAC-CF67-4F03-8AEF-79ECA4BF3F14}.Release|Any CPU.ActiveCfg = Release|Any CPU
		{9B747FAC-CF67-4F03-8AEF-79ECA4BF3F14}.Release|Any CPU.Build.0 = Release|Any CPU
		{D383D924-D133-4F0C-A763-ABCA88A99A02}.Debug|Any CPU.ActiveCfg = Debug|Any CPU
		{D383D924-D133-4F0C-A763-ABCA88A99A02}.Debug|Any CPU.Build.0 = Debug|Any CPU
		{D383D924-D133-4F0C-A763-ABCA88A99A02}.Release|Any CPU.ActiveCfg = Release|Any CPU
		{D383D924-D133-4F0C-A763-ABCA88A99A02}.Release|Any CPU.Build.0 = Release|Any CPU
	EndGlobalSection
	GlobalSection(SolutionProperties) = preSolution
		HideSolutionNode = FALSE
	EndGlobalSection
	GlobalSection(NestedProjects) = preSolution
		{1954345E-F6B5-4305-89CE-F8A59B274D61} = {BE2A9BD1-8CE8-48CA-B394-001A528F119D}
		{D0539DE1-A90D-47D9-B225-E8C615632C5D} = {41FA2BB8-4632-4FB8-A1BE-9A033F0411C2}
		{C10F946D-C937-492D-8CF5-779EDF0325AD} = {04BE1E2A-DFC9-489A-BE60-BC5B077533AD}
		{57B9BD34-E53E-47FA-A5B1-4DBE41FF8FC7} = {04BE1E2A-DFC9-489A-BE60-BC5B077533AD}
		{AA40E004-3B1A-4F8D-8560-ABB22BFF1D1A} = {41FA2BB8-4632-4FB8-A1BE-9A033F0411C2}
		{0F9A307A-9780-4DD8-B289-A833BA9E10FA} = {BE2A9BD1-8CE8-48CA-B394-001A528F119D}
		{B2B1C6C9-0F9A-4130-BFB2-FDCE4AF32931} = {BE2A9BD1-8CE8-48CA-B394-001A528F119D}
		{3B9D5B74-F23B-4602-8235-46F0224A49EE} = {41FA2BB8-4632-4FB8-A1BE-9A033F0411C2}
		{9B747FAC-CF67-4F03-8AEF-79ECA4BF3F14} = {41FA2BB8-4632-4FB8-A1BE-9A033F0411C2}
		{D383D924-D133-4F0C-A763-ABCA88A99A02} = {04BE1E2A-DFC9-489A-BE60-BC5B077533AD}
	EndGlobalSection
	GlobalSection(ExtensibilityGlobals) = postSolution
		SolutionGuid = {A4AE96F1-C251-4011-AEF0-40CC6B4C74DB}
	EndGlobalSection
EndGlobal
